
Microsoft Visual Studio Solution File, Format Version 12.00
# Visual Studio Version 17
VisualStudioVersion = 17.0.32126.317
MinimumVisualStudioVersion = 10.0.40219.1
Project("{8BC9CEB8-8B4A-11D0-8D11-00A0C91BC942}") = "хуйя (удали)", "хуйя (удали)\хуйя (удали).vcxproj", "{DBE0CAD2-B143-475C-AD50-6215E12CD18B}"
EndProject
Global
	GlobalSection(SolutionConfigurationPlatforms) = preSolution
		Debug|x64 = Debug|x64
		Debug|x86 = Debug|x86
		Release|x64 = Release|x64
		Release|x86 = Release|x86
	EndGlobalSection
	GlobalSection(ProjectConfigurationPlatforms) = postSolution
		{DBE0CAD2-B143-475C-AD50-6215E12CD18B}.Debug|x64.ActiveCfg = Debug|x64
		{DBE0CAD2-B143-475C-AD50-6215E12CD18B}.Debug|x64.Build.0 = Debug|x64
		{DBE0CAD2-B143-475C-AD50-6215E12CD18B}.Debug|x86.ActiveCfg = Debug|Win32
		{DBE0CAD2-B143-475C-AD50-6215E12CD18B}.Debug|x86.Build.0 = Debug|Win32
		{DBE0CAD2-B143-475C-AD50-6215E12CD18B}.Release|x64.ActiveCfg = Release|x64
		{DBE0CAD2-B143-475C-AD50-6215E12CD18B}.Release|x64.Build.0 = Release|x64
		{DBE0CAD2-B143-475C-AD50-6215E12CD18B}.Release|x86.ActiveCfg = Release|Win32
		{DBE0CAD2-B143-475C-AD50-6215E12CD18B}.Release|x86.Build.0 = Release|Win32
	EndGlobalSection
	GlobalSection(SolutionProperties) = preSolution
		HideSolutionNode = FALSE
	EndGlobalSection
	GlobalSection(ExtensibilityGlobals) = postSolution
		SolutionGuid = {10592C50-92AB-4300-B78E-3299486F08E5}
	EndGlobalSection
EndGlobal
